
Microsoft Visual Studio Solution File, Format Version 12.00
# Visual Studio Version 16
VisualStudioVersion = 16.0.29926.136
MinimumVisualStudioVersion = 10.0.40219.1
Project("{FAE04EC0-301F-11D3-BF4B-00C04F79EFBC}") = "TeamControlLib", "TeamControlLib\TeamControlLib.csproj", "{4DF1ECA4-4E22-4A2F-A1DF-B625B6EE6A65}"
EndProject
Project("{FAE04EC0-301F-11D3-BF4B-00C04F79EFBC}") = "TeamControlUI", "TeamControlUI\TeamControlUI.csproj", "{FB427354-B986-4B25-94DF-6F59E92E641B}"
EndProject
Global
	GlobalSection(SolutionConfigurationPlatforms) = preSolution
		Debug|Any CPU = Debug|Any CPU
		Release|Any CPU = Release|Any CPU
	EndGlobalSection
	GlobalSection(ProjectConfigurationPlatforms) = postSolution
		{4DF1ECA4-4E22-4A2F-A1DF-B625B6EE6A65}.Debug|Any CPU.ActiveCfg = Debug|Any CPU
		{4DF1ECA4-4E22-4A2F-A1DF-B625B6EE6A65}.Debug|Any CPU.Build.0 = Debug|Any CPU
		{4DF1ECA4-4E22-4A2F-A1DF-B625B6EE6A65}.Release|Any CPU.ActiveCfg = Release|Any CPU
		{4DF1ECA4-4E22-4A2F-A1DF-B625B6EE6A65}.Release|Any CPU.Build.0 = Release|Any CPU
		{FB427354-B986-4B25-94DF-6F59E92E641B}.Debug|Any CPU.ActiveCfg = Debug|Any CPU
		{FB427354-B986-4B25-94DF-6F59E92E641B}.Debug|Any CPU.Build.0 = Debug|Any CPU
		{FB427354-B986-4B25-94DF-6F59E92E641B}.Release|Any CPU.ActiveCfg = Release|Any CPU
		{FB427354-B986-4B25-94DF-6F59E92E641B}.Release|Any CPU.Build.0 = Release|Any CPU
	EndGlobalSection
	GlobalSection(SolutionProperties) = preSolution
		HideSolutionNode = FALSE
	EndGlobalSection
	GlobalSection(ExtensibilityGlobals) = postSolution
		SolutionGuid = {34CCC43B-4C69-42FF-83F1-8E103FCD04D3}
	EndGlobalSection
EndGlobal
